
Microsoft Visual Studio Solution File, Format Version 12.00
# Visual Studio Express 2013 for Web
VisualStudioVersion = 12.0.21005.1
MinimumVisualStudioVersion = 10.0.40219.1
Project("{FAE04EC0-301F-11D3-BF4B-00C04F79EFBC}") = "MyCheerBook", "MyCheerBook\MyCheerBook.csproj", "{30542AB5-61DD-4C7E-8CB0-61821F37A810}"
EndProject
Project("{FAE04EC0-301F-11D3-BF4B-00C04F79EFBC}") = "BLL", "BLL\BLL.csproj", "{20574245-32B6-4A93-8784-F36302CE52B2}"
EndProject
Project("{FAE04EC0-301F-11D3-BF4B-00C04F79EFBC}") = "DAL", "DAL\DAL.csproj", "{7324995F-99ED-40E6-9545-C1B1460B3079}"
EndProject
Global
	GlobalSection(SolutionConfigurationPlatforms) = preSolution
		Debug|Any CPU = Debug|Any CPU
		Release|Any CPU = Release|Any CPU
	EndGlobalSection
	GlobalSection(ProjectConfigurationPlatforms) = postSolution
		{30542AB5-61DD-4C7E-8CB0-61821F37A810}.Debug|Any CPU.ActiveCfg = Debug|Any CPU
		{30542AB5-61DD-4C7E-8CB0-61821F37A810}.Debug|Any CPU.Build.0 = Debug|Any CPU
		{30542AB5-61DD-4C7E-8CB0-61821F37A810}.Release|Any CPU.ActiveCfg = Release|Any CPU
		{30542AB5-61DD-4C7E-8CB0-61821F37A810}.Release|Any CPU.Build.0 = Release|Any CPU
		{20574245-32B6-4A93-8784-F36302CE52B2}.Debug|Any CPU.ActiveCfg = Debug|Any CPU
		{20574245-32B6-4A93-8784-F36302CE52B2}.Debug|Any CPU.Build.0 = Debug|Any CPU
		{20574245-32B6-4A93-8784-F36302CE52B2}.Release|Any CPU.ActiveCfg = Release|Any CPU
		{20574245-32B6-4A93-8784-F36302CE52B2}.Release|Any CPU.Build.0 = Release|Any CPU
		{7324995F-99ED-40E6-9545-C1B1460B3079}.Debug|Any CPU.ActiveCfg = Debug|Any CPU
		{7324995F-99ED-40E6-9545-C1B1460B3079}.Debug|Any CPU.Build.0 = Debug|Any CPU
		{7324995F-99ED-40E6-9545-C1B1460B3079}.Release|Any CPU.ActiveCfg = Release|Any CPU
		{7324995F-99ED-40E6-9545-C1B1460B3079}.Release|Any CPU.Build.0 = Release|Any CPU
	EndGlobalSection
	GlobalSection(SolutionProperties) = preSolution
		HideSolutionNode = FALSE
	EndGlobalSection
EndGlobal
